// !$*UTF8*$!
{
	archiveVersion = 1;
	classes = {
	};
	objectVersion = 50;
	objects = {

/* Begin PBXBuildFile section */
		9C093F33234C0C5A00D5F039 /* start_menu_sc.cpp in Sources */ = {isa = PBXBuildFile; fileRef = 9C093F31234C0C5A00D5F039 /* start_menu_sc.cpp */; };
		9C093F36234C0C7A00D5F039 /* interactive_mode_sc.cpp in Sources */ = {isa = PBXBuildFile; fileRef = 9C093F34234C0C7A00D5F039 /* interactive_mode_sc.cpp */; };
		9C093F39234C217100D5F039 /* second_menu_sc.cpp in Sources */ = {isa = PBXBuildFile; fileRef = 9C093F37234C217100D5F039 /* second_menu_sc.cpp */; };
		9C20DBAE234585BF00062220 /* main.cpp in Sources */ = {isa = PBXBuildFile; fileRef = 9C20DBAD234585BF00062220 /* main.cpp */; };
		9CCF04122353ADB3003DE3CD /* cFigure.cpp in Sources */ = {isa = PBXBuildFile; fileRef = 9CCF04112353ADB3003DE3CD /* cFigure.cpp */; };
/* End PBXBuildFile section */

/* Begin PBXFileReference section */
		9C093F2C234C0AB700D5F039 /* cScene.hpp */ = {isa = PBXFileReference; lastKnownFileType = sourcecode.cpp.h; path = cScene.hpp; sourceTree = "<group>"; };
		9C093F2F234C0B3100D5F039 /* scenes.hpp */ = {isa = PBXFileReference; lastKnownFileType = sourcecode.cpp.h; path = scenes.hpp; sourceTree = "<group>"; };
		9C093F31234C0C5A00D5F039 /* start_menu_sc.cpp */ = {isa = PBXFileReference; lastKnownFileType = sourcecode.cpp.cpp; path = start_menu_sc.cpp; sourceTree = "<group>"; };
		9C093F32234C0C5A00D5F039 /* start_menu_sc.hpp */ = {isa = PBXFileReference; lastKnownFileType = sourcecode.cpp.h; path = start_menu_sc.hpp; sourceTree = "<group>"; };
		9C093F34234C0C7A00D5F039 /* interactive_mode_sc.cpp */ = {isa = PBXFileReference; lastKnownFileType = sourcecode.cpp.cpp; path = interactive_mode_sc.cpp; sourceTree = "<group>"; };
		9C093F35234C0C7A00D5F039 /* interactive_mode_sc.hpp */ = {isa = PBXFileReference; lastKnownFileType = sourcecode.cpp.h; path = interactive_mode_sc.hpp; sourceTree = "<group>"; };
		9C093F37234C217100D5F039 /* second_menu_sc.cpp */ = {isa = PBXFileReference; lastKnownFileType = sourcecode.cpp.cpp; path = second_menu_sc.cpp; sourceTree = "<group>"; };
		9C093F38234C217100D5F039 /* second_menu_sc.hpp */ = {isa = PBXFileReference; lastKnownFileType = sourcecode.cpp.h; path = second_menu_sc.hpp; sourceTree = "<group>"; };
		9C20DBA5234585BF00062220 /* Collision_detection.app */ = {isa = PBXFileReference; explicitFileType = wrapper.application; includeInIndex = 0; path = Collision_detection.app; sourceTree = BUILT_PRODUCTS_DIR; };
		9C20DBA9234585BF00062220 /* Collision_detection-Info.plist */ = {isa = PBXFileReference; lastKnownFileType = text.plist.xml; path = "Collision_detection-Info.plist"; sourceTree = "<group>"; };
		9C20DBAD234585BF00062220 /* main.cpp */ = {isa = PBXFileReference; lastKnownFileType = sourcecode.cpp.cpp; path = main.cpp; sourceTree = "<group>"; };
		9C20DBBF2345863400062220 /* novem___.ttf */ = {isa = PBXFileReference; lastKnownFileType = file; name = "novem___.ttf"; path = "Resourses/novem___.ttf"; sourceTree = SOURCE_ROOT; };
		9CCF04102353ADAB003DE3CD /* cFigure.hpp */ = {isa = PBXFileReference; lastKnownFileType = sourcecode.cpp.h; path = cFigure.hpp; sourceTree = "<group>"; };
		9CCF04112353ADB3003DE3CD /* cFigure.cpp */ = {isa = PBXFileReference; fileEncoding = 4; lastKnownFileType = sourcecode.cpp.cpp; path = cFigure.cpp; sourceTree = "<group>"; };
/* End PBXFileReference section */

/* Begin PBXFrameworksBuildPhase section */
		9C20DBA1234585BF00062220 /* Frameworks */ = {
			isa = PBXFrameworksBuildPhase;
			buildActionMask = 2147483647;
			files = (
			);
			runOnlyForDeploymentPostprocessing = 0;
		};
/* End PBXFrameworksBuildPhase section */

/* Begin PBXGroup section */
		9C20DB9B234585BF00062220 = {
			isa = PBXGroup;
			children = (
				9C20DBA7234585BF00062220 /* Collision_detection */,
				9C20DBA6234585BF00062220 /* Products */,
			);
			sourceTree = "<group>";
		};
		9C20DBA6234585BF00062220 /* Products */ = {
			isa = PBXGroup;
			children = (
				9C20DBA5234585BF00062220 /* Collision_detection.app */,
			);
			name = Products;
			sourceTree = "<group>";
		};
		9C20DBA7234585BF00062220 /* Collision_detection */ = {
			isa = PBXGroup;
			children = (
				9C20DBAD234585BF00062220 /* main.cpp */,
				9C093F2F234C0B3100D5F039 /* scenes.hpp */,
				9C093F2C234C0AB700D5F039 /* cScene.hpp */,
				9C093F32234C0C5A00D5F039 /* start_menu_sc.hpp */,
				9C093F31234C0C5A00D5F039 /* start_menu_sc.cpp */,
				9C093F38234C217100D5F039 /* second_menu_sc.hpp */,
				9C093F37234C217100D5F039 /* second_menu_sc.cpp */,
				9C093F35234C0C7A00D5F039 /* interactive_mode_sc.hpp */,
				9C093F34234C0C7A00D5F039 /* interactive_mode_sc.cpp */,
				9CCF04102353ADAB003DE3CD /* cFigure.hpp */,
				9CCF04112353ADB3003DE3CD /* cFigure.cpp */,
				9C20DBA8234585BF00062220 /* Supporting Files */,
				9C20DBAF234585BF00062220 /* Resources */,
			);
			path = Collision_detection;
			sourceTree = "<group>";
		};
		9C20DBA8234585BF00062220 /* Supporting Files */ = {
			isa = PBXGroup;
			children = (
				9C20DBA9234585BF00062220 /* Collision_detection-Info.plist */,
			);
			name = "Supporting Files";
			sourceTree = "<group>";
		};
		9C20DBAF234585BF00062220 /* Resources */ = {
			isa = PBXGroup;
			children = (
				9C20DBBF2345863400062220 /* novem___.ttf */,
			);
			name = Resources;
			sourceTree = "<group>";
		};
/* End PBXGroup section */

/* Begin PBXNativeTarget section */
		9C20DBA4234585BF00062220 /* Collision_detection */ = {
			isa = PBXNativeTarget;
			buildConfigurationList = 9C20DBBA234585BF00062220 /* Build configuration list for PBXNativeTarget "Collision_detection" */;
			buildPhases = (
				9C20DBA0234585BF00062220 /* Sources */,
				9C20DBA1234585BF00062220 /* Frameworks */,
				9C20DBA2234585BF00062220 /* Resources */,
				9C20DBA3234585BF00062220 /* ShellScript */,
			);
			buildRules = (
			);
			dependencies = (
			);
			name = Collision_detection;
			productName = Collision_detection;
			productReference = 9C20DBA5234585BF00062220 /* Collision_detection.app */;
			productType = "com.apple.product-type.application";
		};
/* End PBXNativeTarget section */

/* Begin PBXProject section */
		9C20DB9C234585BF00062220 /* Project object */ = {
			isa = PBXProject;
			attributes = {
				LastUpgradeCheck = 1030;
				ORGANIZATIONNAME = "Marina Polishchuk";
				TargetAttributes = {
					9C20DBA4234585BF00062220 = {
						CreatedOnToolsVersion = 10.3;
					};
				};
			};
			buildConfigurationList = 9C20DB9F234585BF00062220 /* Build configuration list for PBXProject "Collision_detection" */;
			compatibilityVersion = "Xcode 9.3";
			developmentRegion = en;
			hasScannedForEncodings = 0;
			knownRegions = (
				en,
			);
			mainGroup = 9C20DB9B234585BF00062220;
			productRefGroup = 9C20DBA6234585BF00062220 /* Products */;
			projectDirPath = "";
			projectRoot = "";
			targets = (
				9C20DBA4234585BF00062220 /* Collision_detection */,
			);
		};
/* End PBXProject section */

/* Begin PBXResourcesBuildPhase section */
		9C20DBA2234585BF00062220 /* Resources */ = {
			isa = PBXResourcesBuildPhase;
			buildActionMask = 2147483647;
			files = (
			);
			runOnlyForDeploymentPostprocessing = 0;
		};
/* End PBXResourcesBuildPhase section */

/* Begin PBXShellScriptBuildPhase section */
		9C20DBA3234585BF00062220 /* ShellScript */ = {
			isa = PBXShellScriptBuildPhase;
			buildActionMask = 8;
			files = (
			);
			inputFileListPaths = (
			);
			inputPaths = (
			);
			outputFileListPaths = (
			);
			outputPaths = (
			);
			runOnlyForDeploymentPostprocessing = 1;
			shellPath = /bin/sh;
			shellScript = "# This shell script simply copies required SFML dylibs/frameworks into the application bundle frameworks folder.\n# If you're using static libraries (which is not recommended) you should remove this script from your project.\n\n# SETTINGS\nSFML_DEPENDENCIES_INSTALL_PREFIX=\"/Users/SFML/Desktop/packaging/tmp/install/Library/Frameworks\"\nCMAKE_INSTALL_FRAMEWORK_PREFIX=\"/Users/SFML/Desktop/packaging/tmp/install/Library/Frameworks\"\nCMAKE_INSTALL_LIB_PREFIX=\"/Users/SFML/Desktop/packaging/tmp/install/Library/Frameworks/lib\"\nFRAMEWORKS_FULL_PATH=\"$BUILT_PRODUCTS_DIR/$FRAMEWORKS_FOLDER_PATH/\"\n\n# Are we building a project that uses frameworks or dylibs?\ncase \"$SFML_BINARY_TYPE\" in\n    DYLIBS)\n        frameworks=\"false\"\n        ;;\n    *)\n        frameworks=\"true\"\n        ;;\nesac\n\n# Echoes to stderr\nerror () # $* message to display\n{\n    echo $* 1>&2\n    exit 2\n}\n\nassert () # $1 is a boolean, $2...N is an error message\n{\n    if [ $# -lt 2 ]\n    then\n        error \"Internal error in assert: not enough args\"\n    fi\n\n    if [ $1 -ne 0 ]\n    then\n        shift\n        error \"$*\"\n    fi\n}\n\nforce_remove () # $@ is some paths\n{\n    test $# -ge 1\n    assert $? \"force_remove() requires at least one parameter\"\n    rm -fr $@\n    assert $? \"couldn't remove $@\"\n}\n\ncopy () # $1 is a source, $2 is a destination\n{\n    test $# -eq 2\n    assert $? \"copy() requires two parameters\"\n    ditto \"$1\" \"$2\"\n    assert $? \"couldn't copy $1 to $2\"\n}\n\nrequire () # $1 is a SFML module like 'system' or 'audio'\n{\n    dest=\"$BUILT_PRODUCTS_DIR/$FRAMEWORKS_FOLDER_PATH/\"\n\n    if [ -z \"$1\" ]\n    then\n        error \"require() requires one parameter!\"\n    else\n        # clean potentially old stuff\n        force_remove \"$dest/libsfml-$1\"*\n        force_remove \"$dest/sfml-$1.framework\"\n\n        # copy SFML libraries\n        if [ \"$frameworks\" = \"true\" ]\n        then\n            source=\"$CMAKE_INSTALL_FRAMEWORK_PREFIX/sfml-$1.framework\"\n            target=\"sfml-$1.framework\"\n        elif [ \"$SFML_LINK_DYLIBS_SUFFIX\" = \"-d\" ]\n        then\n            source=\"$CMAKE_INSTALL_LIB_PREFIX/libsfml-$1-d.dylib\"\n            target=\"`readlink $source`\"\n        else\n            source=\"$CMAKE_INSTALL_LIB_PREFIX/libsfml-$1.dylib\"\n            target=\"`readlink $source`\"\n        fi\n\n        copy \"$source\" \"$dest/$target\"\n\n        # copy extra dependencies\n        if [ \"$1\" = \"audio\" ]\n        then\n            # copy \"FLAC\" \"ogg\" \"vorbis\" \"vorbisenc\" \"vorbisfile\" \"OpenAL\" frameworks too\n            for f in \"FLAC\" \"ogg\" \"vorbis\" \"vorbisenc\" \"vorbisfile\" \"OpenAL\"\n            do\n                copy \"$SFML_DEPENDENCIES_INSTALL_PREFIX/$f.framework\" \"$dest/$f.framework\"\n            done\n        elif [ \"$1\" = \"graphics\" ]\n        then\n            copy \"$SFML_DEPENDENCIES_INSTALL_PREFIX/freetype.framework\" \"$dest/freetype.framework\"\n        fi\n    fi\n}\n\nif [ -n \"$SFML_SYSTEM\" ]\nthen\n    require \"system\"\nfi\n\nif [ -n \"$SFML_AUDIO\" ]\nthen\n    require \"audio\"\nfi\n\nif [ -n \"$SFML_NETWORK\" ]\nthen\n    require \"network\"\nfi\n\nif [ -n \"$SFML_WINDOW\" ]\nthen\n    require \"window\"\nfi\n\nif [ -n \"$SFML_GRAPHICS\" ]\nthen\n    require \"graphics\"\nfi\n\n                \n";
		};
/* End PBXShellScriptBuildPhase section */

/* Begin PBXSourcesBuildPhase section */
		9C20DBA0234585BF00062220 /* Sources */ = {
			isa = PBXSourcesBuildPhase;
			buildActionMask = 2147483647;
			files = (
				9C093F39234C217100D5F039 /* second_menu_sc.cpp in Sources */,
				9C093F33234C0C5A00D5F039 /* start_menu_sc.cpp in Sources */,
				9C20DBAE234585BF00062220 /* main.cpp in Sources */,
				9CCF04122353ADB3003DE3CD /* cFigure.cpp in Sources */,
				9C093F36234C0C7A00D5F039 /* interactive_mode_sc.cpp in Sources */,
			);
			runOnlyForDeploymentPostprocessing = 0;
		};
/* End PBXSourcesBuildPhase section */

/* Begin XCBuildConfiguration section */
		9C20DBB8234585BF00062220 /* Debug */ = {
			isa = XCBuildConfiguration;
			buildSettings = {
				ARCHS = "$(NATIVE_ARCH_ACTUAL)";
				CLANG_CXX_LANGUAGE_STANDARD = "c++11";
				CLANG_CXX_LIBRARY = "libc++";
				FRAMEWORK_SEARCH_PATHS = (
					/Library/Frameworks/,
					"$(inherited)",
				);
				GCC_VERSION = com.apple.compilers.llvm.clang.1_0;
				HEADER_SEARCH_PATHS = (
					/usr/local/include/,
					"$(inherited)",
				);
				LIBRARY_SEARCH_PATHS = (
					/usr/local/lib/,
					"$(inherited)",
				);
				MACOSX_DEPLOYMENT_TARGET = 10.7;
				OTHER_LDFLAGS = (
					"$(inherited)",
					"$(SFML_SYSTEM)",
					"$(SFML_WINDOW)",
					"$(SFML_GRAPHICS)",
					"$(SFML_AUDIO)",
					"$(SFML_NETWORK)",
				);
				SFML_AUDIO = "$(SFML_LINK_PREFIX) sfml-audio$(SFML_LINK_SUFFIX)";
				SFML_BINARY_TYPE = FRAMEWORKS;
				SFML_GRAPHICS = "$(SFML_LINK_PREFIX) sfml-graphics$(SFML_LINK_SUFFIX)";
				SFML_LINK_DYLIBS_PREFIX = "-l";
				SFML_LINK_DYLIBS_SUFFIX = "";
				SFML_LINK_FRAMEWORKS_PREFIX = "-framework";
				SFML_LINK_FRAMEWORKS_SUFFIX = "";
				SFML_LINK_PREFIX = "$(SFML_LINK_$(SFML_BINARY_TYPE)_PREFIX)";
				SFML_LINK_SUFFIX = "$(SFML_LINK_$(SFML_BINARY_TYPE)_SUFFIX)";
				SFML_NETWORK = "$(SFML_LINK_PREFIX) sfml-network$(SFML_LINK_SUFFIX)";
				SFML_SYSTEM = "$(SFML_LINK_PREFIX) sfml-system$(SFML_LINK_SUFFIX)";
				SFML_WINDOW = "$(SFML_LINK_PREFIX) sfml-window$(SFML_LINK_SUFFIX)";
				SUPPORTED_PLATFORMS = macosx;
			};
			name = Debug;
		};
		9C20DBB9234585BF00062220 /* Release */ = {
			isa = XCBuildConfiguration;
			buildSettings = {
				ARCHS = "$(NATIVE_ARCH_ACTUAL)";
				CLANG_CXX_LANGUAGE_STANDARD = "c++11";
				CLANG_CXX_LIBRARY = "libc++";
				FRAMEWORK_SEARCH_PATHS = (
					/Library/Frameworks/,
					"$(inherited)",
				);
				GCC_VERSION = com.apple.compilers.llvm.clang.1_0;
				HEADER_SEARCH_PATHS = (
					/usr/local/include/,
					"$(inherited)",
				);
				LIBRARY_SEARCH_PATHS = (
					/usr/local/lib/,
					"$(inherited)",
				);
				MACOSX_DEPLOYMENT_TARGET = 10.7;
				OTHER_LDFLAGS = (
					"$(inherited)",
					"$(SFML_SYSTEM)",
					"$(SFML_WINDOW)",
					"$(SFML_GRAPHICS)",
					"$(SFML_AUDIO)",
					"$(SFML_NETWORK)",
				);
				SFML_AUDIO = "$(SFML_LINK_PREFIX) sfml-audio$(SFML_LINK_SUFFIX)";
				SFML_BINARY_TYPE = FRAMEWORKS;
				SFML_GRAPHICS = "$(SFML_LINK_PREFIX) sfml-graphics$(SFML_LINK_SUFFIX)";
				SFML_LINK_DYLIBS_PREFIX = "-l";
				SFML_LINK_DYLIBS_SUFFIX = "";
				SFML_LINK_FRAMEWORKS_PREFIX = "-framework";
				SFML_LINK_FRAMEWORKS_SUFFIX = "";
				SFML_LINK_PREFIX = "$(SFML_LINK_$(SFML_BINARY_TYPE)_PREFIX)";
				SFML_LINK_SUFFIX = "$(SFML_LINK_$(SFML_BINARY_TYPE)_SUFFIX)";
				SFML_NETWORK = "$(SFML_LINK_PREFIX) sfml-network$(SFML_LINK_SUFFIX)";
				SFML_SYSTEM = "$(SFML_LINK_PREFIX) sfml-system$(SFML_LINK_SUFFIX)";
				SFML_WINDOW = "$(SFML_LINK_PREFIX) sfml-window$(SFML_LINK_SUFFIX)";
				SUPPORTED_PLATFORMS = macosx;
			};
			name = Release;
		};
		9C20DBBB234585BF00062220 /* Debug */ = {
			isa = XCBuildConfiguration;
			buildSettings = {
				CODE_SIGN_STYLE = Automatic;
				INFOPLIST_FILE = "Collision_detection/Collision_detection-Info.plist";
				LD_RUNPATH_SEARCH_PATHS = "@loader_path/../Frameworks";
				PRODUCT_NAME = "$(TARGET_NAME)";
			};
			name = Debug;
		};
		9C20DBBC234585BF00062220 /* Release */ = {
			isa = XCBuildConfiguration;
			buildSettings = {
				CODE_SIGN_STYLE = Automatic;
				INFOPLIST_FILE = "Collision_detection/Collision_detection-Info.plist";
				LD_RUNPATH_SEARCH_PATHS = "@loader_path/../Frameworks";
				PRODUCT_NAME = "$(TARGET_NAME)";
			};
			name = Release;
		};
/* End XCBuildConfiguration section */

/* Begin XCConfigurationList section */
		9C20DB9F234585BF00062220 /* Build configuration list for PBXProject "Collision_detection" */ = {
			isa = XCConfigurationList;
			buildConfigurations = (
				9C20DBB8234585BF00062220 /* Debug */,
				9C20DBB9234585BF00062220 /* Release */,
			);
			defaultConfigurationIsVisible = 0;
			defaultConfigurationName = Release;
		};
		9C20DBBA234585BF00062220 /* Build configuration list for PBXNativeTarget "Collision_detection" */ = {
			isa = XCConfigurationList;
			buildConfigurations = (
				9C20DBBB234585BF00062220 /* Debug */,
				9C20DBBC234585BF00062220 /* Release */,
			);
			defaultConfigurationIsVisible = 0;
			defaultConfigurationName = Release;
		};
/* End XCConfigurationList section */
	};
	rootObject = 9C20DB9C234585BF00062220 /* Project object */;
}
